
Microsoft Visual Studio Solution File, Format Version 12.00
# Visual Studio Version 17
VisualStudioVersion = 17.7.34202.233
MinimumVisualStudioVersion = 10.0.40219.1
Project("{FAE04EC0-301F-11D3-BF4B-00C04F79EFBC}") = "Contacts.Maui", "Contacts.Maui\Contacts.Maui.csproj", "{070447D5-A018-402A-B735-224DCF71ABD9}"
EndProject
Global
	GlobalSection(SolutionConfigurationPlatforms) = preSolution
		Debug|Any CPU = Debug|Any CPU
		Release|Any CPU = Release|Any CPU
	EndGlobalSection
	GlobalSection(ProjectConfigurationPlatforms) = postSolution
		{070447D5-A018-402A-B735-224DCF71ABD9}.Debug|Any CPU.ActiveCfg = Debug|Any CPU
		{070447D5-A018-402A-B735-224DCF71ABD9}.Debug|Any CPU.Build.0 = Debug|Any CPU
		{070447D5-A018-402A-B735-224DCF71ABD9}.Debug|Any CPU.Deploy.0 = Debug|Any CPU
		{070447D5-A018-402A-B735-224DCF71ABD9}.Release|Any CPU.ActiveCfg = Release|Any CPU
		{070447D5-A018-402A-B735-224DCF71ABD9}.Release|Any CPU.Build.0 = Release|Any CPU
		{070447D5-A018-402A-B735-224DCF71ABD9}.Release|Any CPU.Deploy.0 = Release|Any CPU
	EndGlobalSection
	GlobalSection(SolutionProperties) = preSolution
		HideSolutionNode = FALSE
	EndGlobalSection
	GlobalSection(ExtensibilityGlobals) = postSolution
		SolutionGuid = {52BDAC8D-6F5A-4002-BE87-BA1A1A4F496C}
	EndGlobalSection
EndGlobal
